{
  "nodes": {
    "flake-parts": {
      "inputs": {
        "nixpkgs-lib": [
          "nixpkgs"
        ]
      },
      "locked": {
        "lastModified": 1785627969,
        "narHash": "sha256-4dtXQk/NMePegK/nWp5NSeuZKLATItOq61lpEvmXqGw=",
        "owner": "hercules-ci",
        "repo": "flake-parts",
        "rev": "427bf4bd9435fdf21321c8cc628c24efc14c0f7a",
        "type": "github"
      },
      "original": {
        "owner": "hercules-ci",
        "repo": "flake-parts",
        "type": "github"
      }
    },
    "flake-parts_2": {
      "inputs": {
        "nixpkgs-lib": [
          "go-nix-helpers",
          "nixpkgs"
        ]
      },
      "locked": {
        "lastModified": 1785627969,
        "narHash": "sha256-4dtXQk/NMePegK/nWp5NSeuZKLATItOq61lpEvmXqGw=",
        "owner": "hercules-ci",
        "repo": "flake-parts",
        "rev": "427bf4bd9435fdf21321c8cc628c24efc14c0f7a",
        "type": "github"
      },
      "original": {
        "owner": "hercules-ci",
        "repo": "flake-parts",
        "type": "github"
      }
    },
    "go-atomic-write": {
      "flake": false,
      "locked": {
        "lastModified": 1785088583,
        "narHash": "sha256-r3Ow5QGw09euTiS1US0Qa7wzSc8/jhjdLrFewFCvPJg=",
        "owner": "LarsArtmann",
        "repo": "go-atomic-write",
        "rev": "5557d5cb734155cbafce48bd0ac3d86e27958d5a",
        "type": "github"
      },
      "original": {
        "owner": "LarsArtmann",
        "ref": "v0.4.0",
        "repo": "go-atomic-write",
        "type": "github"
      }
    },
    "go-error-family": {
      "flake": false,
      "locked": {
        "lastModified": 1785079049,
        "narHash": "sha256-aKL1tjQ8AQzIV6g5+361HTTOOdtgzfWwwfQCZHwaojo=",
        "owner": "LarsArtmann",
        "repo": "go-error-family",
        "rev": "4546000adb032fe450d4ea9bfbb2a9f359af3857",
        "type": "github"
      },
      "original": {
        "owner": "LarsArtmann",
        "ref": "v0.10.0",
        "repo": "go-error-family",
        "type": "github"
      }
    },
    "go-finding": {
      "flake": false,
      "locked": {
        "lastModified": 1786268343,
        "narHash": "sha256-pMD5mj4JB4wsObCBOhqv1zq1GnYPa2WwISGgAWvxXVE=",
        "ref": "master",
        "rev": "22cec8abe3671ce2840782a01624c6cd68ff3f03",
        "revCount": 1139,
        "type": "git",
        "url": "ssh://git@github.com/LarsArtmann/go-finding"
      },
      "original": {
        "ref": "master",
        "type": "git",
        "url": "ssh://git@github.com/LarsArtmann/go-finding"
      }
    },
    "go-nix-helpers": {
      "inputs": {
        "flake-parts": "flake-parts_2",
        "nixpkgs": [
          "nixpkgs"
        ],
        "systems": "systems",
        "treefmt-nix": "treefmt-nix"
      },
      "locked": {
        "lastModified": 1786374450,
        "narHash": "sha256-xynqP898epL7hJQsOSPsxN+YpDBht4OAiam9fFFetrw=",
        "ref": "master",
        "rev": "0122702048ca9b063b9001be0273ae3deba6cfda",
        "revCount": 137,
        "type": "git",
        "url": "ssh://git@github.com/LarsArtmann/go-nix-helpers"
      },
      "original": {
        "ref": "master",
        "type": "git",
        "url": "ssh://git@github.com/LarsArtmann/go-nix-helpers"
      }
    },
    "gogenfilter": {
      "flake": false,
      "locked": {
        "lastModified": 1786421025,
        "narHash": "sha256-ocW+7A3ZrUXk40jhrY3kVe7EqLndoZRmn8vgyH1grRY=",
        "ref": "master",
        "rev": "386909a2dc3bcda28067b6b51b54175de157129b",
        "revCount": 855,
        "type": "git",
        "url": "ssh://git@github.com/LarsArtmann/gogenfilter"
      },
      "original": {
        "ref": "master",
        "type": "git",
        "url": "ssh://git@github.com/LarsArtmann/gogenfilter"
      }
    },
    "nixpkgs": {
      "locked": {
        "lastModified": 1786247143,
        "narHash": "sha256-8S3Kcxs7D4UtxJxSJZz0m14CGhuW0MxfrIwJxeGWGnQ=",
        "owner": "NixOS",
        "repo": "nixpkgs",
        "rev": "279b4a8275f032c566576b3f181fa0f27197f588",
        "type": "github"
      },
      "original": {
        "owner": "NixOS",
        "ref": "nixos-unstable",
        "repo": "nixpkgs",
        "type": "github"
      }
    },
    "root": {
      "inputs": {
        "flake-parts": "flake-parts",
        "go-atomic-write": "go-atomic-write",
        "go-error-family": "go-error-family",
        "go-finding": "go-finding",
        "go-nix-helpers": "go-nix-helpers",
        "gogenfilter": "gogenfilter",
        "nixpkgs": "nixpkgs"
      }
    },
    "systems": {
      "locked": {
        "lastModified": 1681028828,
        "narHash": "sha256-Vy1rq5AaRuLzOxct8nz4T6wlgyUR7zLU309k9mBC768=",
        "owner": "nix-systems",
        "repo": "default",
        "rev": "da67096a3b9bf56a91d16901293e51ba5b49a27e",
        "type": "github"
      },
      "original": {
        "owner": "nix-systems",
        "repo": "default",
        "type": "github"
      }
    },
    "treefmt-nix": {
      "inputs": {
        "nixpkgs": [
          "go-nix-helpers",
          "nixpkgs"
        ]
      },
      "locked": {
        "lastModified": 1785945821,
        "narHash": "sha256-NLSyTCW4K4ofhNBllt3omPasm6QpralXH1DBZOc91Dw=",
        "owner": "numtide",
        "repo": "treefmt-nix",
        "rev": "ae7910970dddc408fe6ab1c8e4b277bb21d72dc0",
        "type": "github"
      },
      "original": {
        "owner": "numtide",
        "repo": "treefmt-nix",
        "type": "github"
      }
    }
  },
  "root": "root",
  "version": 7
}
