{
  "nodes": {
    "flake-parts": {
      "inputs": {
        "nixpkgs-lib": [
          "nixpkgs"
        ]
      },
      "locked": {
        "lastModified": 1782949081,
        "narHash": "sha256-vp6Y/Grm98ESt6ceOkWiHWyZRDV3J1RID4w+6NWK9yA=",
        "owner": "hercules-ci",
        "repo": "flake-parts",
        "rev": "17c9d6cdfc60c64f4ee8d306f9bc0b4ccb51481e",
        "type": "github"
      },
      "original": {
        "owner": "hercules-ci",
        "repo": "flake-parts",
        "type": "github"
      }
    },
    "flake-parts_2": {
      "inputs": {
        "nixpkgs-lib": [
          "go-nix-helpers",
          "nixpkgs"
        ]
      },
      "locked": {
        "lastModified": 1785627969,
        "narHash": "sha256-4dtXQk/NMePegK/nWp5NSeuZKLATItOq61lpEvmXqGw=",
        "owner": "hercules-ci",
        "repo": "flake-parts",
        "rev": "427bf4bd9435fdf21321c8cc628c24efc14c0f7a",
        "type": "github"
      },
      "original": {
        "owner": "hercules-ci",
        "repo": "flake-parts",
        "type": "github"
      }
    },
    "go-atomic-write": {
      "flake": false,
      "locked": {
        "lastModified": 1785088583,
        "narHash": "sha256-r3Ow5QGw09euTiS1US0Qa7wzSc8/jhjdLrFewFCvPJg=",
        "owner": "LarsArtmann",
        "repo": "go-atomic-write",
        "rev": "5557d5cb734155cbafce48bd0ac3d86e27958d5a",
        "type": "github"
      },
      "original": {
        "owner": "LarsArtmann",
        "ref": "v0.4.0",
        "repo": "go-atomic-write",
        "type": "github"
      }
    },
    "go-error-family": {
      "flake": false,
      "locked": {
        "lastModified": 1785079049,
        "narHash": "sha256-aKL1tjQ8AQzIV6g5+361HTTOOdtgzfWwwfQCZHwaojo=",
        "owner": "LarsArtmann",
        "repo": "go-error-family",
        "rev": "4546000adb032fe450d4ea9bfbb2a9f359af3857",
        "type": "github"
      },
      "original": {
        "owner": "LarsArtmann",
        "ref": "v0.10.0",
        "repo": "go-error-family",
        "type": "github"
      }
    },
    "go-finding": {
      "flake": false,
      "locked": {
        "lastModified": 1785243204,
        "narHash": "sha256-qCptBWgDcEXmZ+azE8fs1wY+yvMNkVHWvgnkisgtQ4I=",
        "ref": "master",
        "rev": "d3e027c22a3f9166214a398d18d64cc879d5f800",
        "revCount": 1059,
        "type": "git",
        "url": "ssh://git@github.com/LarsArtmann/go-finding"
      },
      "original": {
        "ref": "master",
        "type": "git",
        "url": "ssh://git@github.com/LarsArtmann/go-finding"
      }
    },
    "go-nix-helpers": {
      "inputs": {
        "flake-parts": "flake-parts_2",
        "nixpkgs": [
          "nixpkgs"
        ],
        "systems": "systems",
        "treefmt-nix": "treefmt-nix"
      },
      "locked": {
        "lastModified": 1786370176,
        "narHash": "sha256-5XR8vuKgilVrPf+pkA2UpTpiS6JT5pFjZk5lUd25gco=",
        "ref": "master",
        "rev": "2f3b6b2b45bf08980446fedaffe52ac3ab3916ba",
        "revCount": 134,
        "type": "git",
        "url": "ssh://git@github.com/LarsArtmann/go-nix-helpers"
      },
      "original": {
        "ref": "master",
        "type": "git",
        "url": "ssh://git@github.com/LarsArtmann/go-nix-helpers"
      }
    },
    "gogenfilter": {
      "flake": false,
      "locked": {
        "lastModified": 1785115784,
        "narHash": "sha256-D35Ex/UR0iqxjOuU98TXnGAXFIkinp0KTOLFC3swz0E=",
        "ref": "master",
        "rev": "15dca9aa9761ea0e029f62c54ee2547f7724b5e3",
        "revCount": 805,
        "type": "git",
        "url": "ssh://git@github.com/LarsArtmann/gogenfilter"
      },
      "original": {
        "ref": "master",
        "type": "git",
        "url": "ssh://git@github.com/LarsArtmann/gogenfilter"
      }
    },
    "nixpkgs": {
      "locked": {
        "lastModified": 1785318670,
        "narHash": "sha256-dN6Ou5x/+23FZLEpYP3IffO+NyJFzUlGumt1uu3MMaY=",
        "owner": "NixOS",
        "repo": "nixpkgs",
        "rev": "0954f7ee2f6bb3dc7d4e3d0d8bcb8fd4bde4cfc5",
        "type": "github"
      },
      "original": {
        "owner": "NixOS",
        "ref": "nixos-unstable",
        "repo": "nixpkgs",
        "type": "github"
      }
    },
    "root": {
      "inputs": {
        "flake-parts": "flake-parts",
        "go-atomic-write": "go-atomic-write",
        "go-error-family": "go-error-family",
        "go-finding": "go-finding",
        "go-nix-helpers": "go-nix-helpers",
        "gogenfilter": "gogenfilter",
        "nixpkgs": "nixpkgs"
      }
    },
    "systems": {
      "locked": {
        "lastModified": 1681028828,
        "narHash": "sha256-Vy1rq5AaRuLzOxct8nz4T6wlgyUR7zLU309k9mBC768=",
        "owner": "nix-systems",
        "repo": "default",
        "rev": "da67096a3b9bf56a91d16901293e51ba5b49a27e",
        "type": "github"
      },
      "original": {
        "owner": "nix-systems",
        "repo": "default",
        "type": "github"
      }
    },
    "treefmt-nix": {
      "inputs": {
        "nixpkgs": [
          "go-nix-helpers",
          "nixpkgs"
        ]
      },
      "locked": {
        "lastModified": 1785945821,
        "narHash": "sha256-NLSyTCW4K4ofhNBllt3omPasm6QpralXH1DBZOc91Dw=",
        "owner": "numtide",
        "repo": "treefmt-nix",
        "rev": "ae7910970dddc408fe6ab1c8e4b277bb21d72dc0",
        "type": "github"
      },
      "original": {
        "owner": "numtide",
        "repo": "treefmt-nix",
        "type": "github"
      }
    }
  },
  "root": "root",
  "version": 7
}
